
Microsoft Visual Studio Solution File, Format Version 12.00
# Visual Studio Version 17
VisualStudioVersion = 17.1.32228.430
MinimumVisualStudioVersion = 10.0.40219.1
Project("{FAE04EC0-301F-11D3-BF4B-00C04F79EFBC}") = "CalculadoraMontos", "CalculadoraMontos\CalculadoraMontos.csproj", "{7200D7C0-1265-4627-8A9A-8ACAD6454D04}"
EndProject
Project("{FAE04EC0-301F-11D3-BF4B-00C04F79EFBC}") = "CalcPromedio", "CalcPromedio\CalcPromedio.csproj", "{3077C60E-6DDE-48B4-B27E-4DA1E632078B}"
EndProject
Project("{FAE04EC0-301F-11D3-BF4B-00C04F79EFBC}") = "ConversionMed", "ConversionMed\ConversionMed.csproj", "{6EADE96E-B1B8-436E-B0D7-2574AFF7280D}"
EndProject
Project("{FAE04EC0-301F-11D3-BF4B-00C04F79EFBC}") = "CapitalEmpresa", "Factura\CapitalEmpresa.csproj", "{A58AC2AA-859C-4AD4-804A-1A5EE98B95F1}"
EndProject
Project("{FAE04EC0-301F-11D3-BF4B-00C04F79EFBC}") = "Facturacion", "Facturacion\Facturacion.csproj", "{33F61628-823D-4FFD-BF44-B3589D098D69}"
EndProject
Global
	GlobalSection(SolutionConfigurationPlatforms) = preSolution
		Debug|Any CPU = Debug|Any CPU
		Release|Any CPU = Release|Any CPU
	EndGlobalSection
	GlobalSection(ProjectConfigurationPlatforms) = postSolution
		{7200D7C0-1265-4627-8A9A-8ACAD6454D04}.Debug|Any CPU.ActiveCfg = Debug|Any CPU
		{7200D7C0-1265-4627-8A9A-8ACAD6454D04}.Debug|Any CPU.Build.0 = Debug|Any CPU
		{7200D7C0-1265-4627-8A9A-8ACAD6454D04}.Release|Any CPU.ActiveCfg = Release|Any CPU
		{7200D7C0-1265-4627-8A9A-8ACAD6454D04}.Release|Any CPU.Build.0 = Release|Any CPU
		{3077C60E-6DDE-48B4-B27E-4DA1E632078B}.Debug|Any CPU.ActiveCfg = Debug|Any CPU
		{3077C60E-6DDE-48B4-B27E-4DA1E632078B}.Debug|Any CPU.Build.0 = Debug|Any CPU
		{3077C60E-6DDE-48B4-B27E-4DA1E632078B}.Release|Any CPU.ActiveCfg = Release|Any CPU
		{3077C60E-6DDE-48B4-B27E-4DA1E632078B}.Release|Any CPU.Build.0 = Release|Any CPU
		{6EADE96E-B1B8-436E-B0D7-2574AFF7280D}.Debug|Any CPU.ActiveCfg = Debug|Any CPU
		{6EADE96E-B1B8-436E-B0D7-2574AFF7280D}.Debug|Any CPU.Build.0 = Debug|Any CPU
		{6EADE96E-B1B8-436E-B0D7-2574AFF7280D}.Release|Any CPU.ActiveCfg = Release|Any CPU
		{6EADE96E-B1B8-436E-B0D7-2574AFF7280D}.Release|Any CPU.Build.0 = Release|Any CPU
		{A58AC2AA-859C-4AD4-804A-1A5EE98B95F1}.Debug|Any CPU.ActiveCfg = Debug|Any CPU
		{A58AC2AA-859C-4AD4-804A-1A5EE98B95F1}.Debug|Any CPU.Build.0 = Debug|Any CPU
		{A58AC2AA-859C-4AD4-804A-1A5EE98B95F1}.Release|Any CPU.ActiveCfg = Release|Any CPU
		{A58AC2AA-859C-4AD4-804A-1A5EE98B95F1}.Release|Any CPU.Build.0 = Release|Any CPU
		{33F61628-823D-4FFD-BF44-B3589D098D69}.Debug|Any CPU.ActiveCfg = Debug|Any CPU
		{33F61628-823D-4FFD-BF44-B3589D098D69}.Debug|Any CPU.Build.0 = Debug|Any CPU
		{33F61628-823D-4FFD-BF44-B3589D098D69}.Release|Any CPU.ActiveCfg = Release|Any CPU
		{33F61628-823D-4FFD-BF44-B3589D098D69}.Release|Any CPU.Build.0 = Release|Any CPU
	EndGlobalSection
	GlobalSection(SolutionProperties) = preSolution
		HideSolutionNode = FALSE
	EndGlobalSection
	GlobalSection(ExtensibilityGlobals) = postSolution
		SolutionGuid = {C9C1E8CE-0A52-465E-B9E3-910AFC298558}
	EndGlobalSection
EndGlobal
