
Microsoft Visual Studio Solution File, Format Version 12.00
# Visual Studio Version 17
VisualStudioVersion = 17.1.32228.430
MinimumVisualStudioVersion = 10.0.40219.1
Project("{FAE04EC0-301F-11D3-BF4B-00C04F79EFBC}") = "ControlMultasTransito", "ControlMultasTransito\ControlMultasTransito.csproj", "{FF618B8A-5AE4-491A-99B0-7D855A47D806}"
EndProject
Global
	GlobalSection(SolutionConfigurationPlatforms) = preSolution
		Debug|Any CPU = Debug|Any CPU
		Release|Any CPU = Release|Any CPU
	EndGlobalSection
	GlobalSection(ProjectConfigurationPlatforms) = postSolution
		{FF618B8A-5AE4-491A-99B0-7D855A47D806}.Debug|Any CPU.ActiveCfg = Debug|Any CPU
		{FF618B8A-5AE4-491A-99B0-7D855A47D806}.Debug|Any CPU.Build.0 = Debug|Any CPU
		{FF618B8A-5AE4-491A-99B0-7D855A47D806}.Release|Any CPU.ActiveCfg = Release|Any CPU
		{FF618B8A-5AE4-491A-99B0-7D855A47D806}.Release|Any CPU.Build.0 = Release|Any CPU
	EndGlobalSection
	GlobalSection(SolutionProperties) = preSolution
		HideSolutionNode = FALSE
	EndGlobalSection
	GlobalSection(ExtensibilityGlobals) = postSolution
		SolutionGuid = {DDC1EF31-4CD3-4FB4-83F3-39394824F3F4}
	EndGlobalSection
EndGlobal
